
Microsoft Visual Studio Solution File, Format Version 12.00
# Visual Studio Version 17
VisualStudioVersion = 17.9.34622.214
MinimumVisualStudioVersion = 10.0.40219.1
Project("{8BC9CEB8-8B4A-11D0-8D11-00A0C91BC942}") = "Double linked list", "Double linked list\Double linked list.vcxproj", "{6180F866-59E1-4D3D-9D8D-CB70EBD29899}"
EndProject
Global
	GlobalSection(SolutionConfigurationPlatforms) = preSolution
		Debug|x64 = Debug|x64
		Debug|x86 = Debug|x86
		Release|x64 = Release|x64
		Release|x86 = Release|x86
	EndGlobalSection
	GlobalSection(ProjectConfigurationPlatforms) = postSolution
		{6180F866-59E1-4D3D-9D8D-CB70EBD29899}.Debug|x64.ActiveCfg = Debug|x64
		{6180F866-59E1-4D3D-9D8D-CB70EBD29899}.Debug|x64.Build.0 = Debug|x64
		{6180F866-59E1-4D3D-9D8D-CB70EBD29899}.Debug|x86.ActiveCfg = Debug|Win32
		{6180F866-59E1-4D3D-9D8D-CB70EBD29899}.Debug|x86.Build.0 = Debug|Win32
		{6180F866-59E1-4D3D-9D8D-CB70EBD29899}.Release|x64.ActiveCfg = Release|x64
		{6180F866-59E1-4D3D-9D8D-CB70EBD29899}.Release|x64.Build.0 = Release|x64
		{6180F866-59E1-4D3D-9D8D-CB70EBD29899}.Release|x86.ActiveCfg = Release|Win32
		{6180F866-59E1-4D3D-9D8D-CB70EBD29899}.Release|x86.Build.0 = Release|Win32
	EndGlobalSection
	GlobalSection(SolutionProperties) = preSolution
		HideSolutionNode = FALSE
	EndGlobalSection
	GlobalSection(ExtensibilityGlobals) = postSolution
		SolutionGuid = {A3568EE4-1200-4D24-986D-EF1F68E74217}
	EndGlobalSection
EndGlobal
